
Microsoft Visual Studio Solution File, Format Version 12.00
# Visual Studio Version 16
VisualStudioVersion = 16.0.28803.156
MinimumVisualStudioVersion = 10.0.40219.1
Project("{A07B5EB6-E848-4116-A8D0-A826331D98C6}") = "Arcadia.Assistant.SF", "Arcadia.Assistant.SF\Arcadia.Assistant.SF.sfproj", "{80714C33-E9A0-4D12-A77F-A86574998240}"
EndProject
Project("{9A19103F-16F7-4668-BE54-9A1E7A4F7556}") = "Arcadia.Assistant.Web", "Arcadia.Assistant.Web\Arcadia.Assistant.Web.csproj", "{7A1EA298-4475-4086-9952-6D35B5BEB944}"
EndProject
Project("{9A19103F-16F7-4668-BE54-9A1E7A4F7556}") = "Arcadia.Assistant.Organization.Contracts", "Arcadia.Assistant.Organization.Contracts\Arcadia.Assistant.Organization.Contracts.csproj", "{7C909B53-A5FE-4F3B-BCFC-E707FD89955B}"
EndProject
Project("{9A19103F-16F7-4668-BE54-9A1E7A4F7556}") = "Arcadia.Assistant.Organization", "Arcadia.Assistant.Organization\Arcadia.Assistant.Organization.csproj", "{2D76AE9B-BCEE-40A3-BB5C-61E34624EBC2}"
EndProject
Project("{9A19103F-16F7-4668-BE54-9A1E7A4F7556}") = "Arcadia.Assistant.CSP", "Arcadia.Assistant.CSP\Arcadia.Assistant.CSP.csproj", "{493E9E0F-4D9F-4283-A00D-937E9CD23C13}"
EndProject
Project("{9A19103F-16F7-4668-BE54-9A1E7A4F7556}") = "Arcadia.Assistant.Avatars", "Arcadia.Assistant.Avatars\Arcadia.Assistant.Avatars.csproj", "{137B9BB9-CFB5-4448-B930-DBE5DFE8D198}"
EndProject
Project("{FAE04EC0-301F-11D3-BF4B-00C04F79EFBC}") = "Arcadia.Assistant.Avatars.Contracts", "Arcadia.Assistant.Avatars.Contracts\Arcadia.Assistant.Avatars.Contracts.csproj", "{BF24FE61-7804-4415-913B-B8714633B8DF}"
EndProject
Global
	GlobalSection(SolutionConfigurationPlatforms) = preSolution
		Debug|x64 = Debug|x64
		Release|x64 = Release|x64
	EndGlobalSection
	GlobalSection(ProjectConfigurationPlatforms) = postSolution
		{80714C33-E9A0-4D12-A77F-A86574998240}.Debug|x64.ActiveCfg = Debug|x64
		{80714C33-E9A0-4D12-A77F-A86574998240}.Debug|x64.Build.0 = Debug|x64
		{80714C33-E9A0-4D12-A77F-A86574998240}.Debug|x64.Deploy.0 = Debug|x64
		{80714C33-E9A0-4D12-A77F-A86574998240}.Release|x64.ActiveCfg = Release|x64
		{80714C33-E9A0-4D12-A77F-A86574998240}.Release|x64.Build.0 = Release|x64
		{80714C33-E9A0-4D12-A77F-A86574998240}.Release|x64.Deploy.0 = Release|x64
		{7A1EA298-4475-4086-9952-6D35B5BEB944}.Debug|x64.ActiveCfg = Debug|Any CPU
		{7A1EA298-4475-4086-9952-6D35B5BEB944}.Debug|x64.Build.0 = Debug|Any CPU
		{7A1EA298-4475-4086-9952-6D35B5BEB944}.Release|x64.ActiveCfg = Release|Any CPU
		{7A1EA298-4475-4086-9952-6D35B5BEB944}.Release|x64.Build.0 = Release|Any CPU
		{7C909B53-A5FE-4F3B-BCFC-E707FD89955B}.Debug|x64.ActiveCfg = Debug|x64
		{7C909B53-A5FE-4F3B-BCFC-E707FD89955B}.Debug|x64.Build.0 = Debug|x64
		{7C909B53-A5FE-4F3B-BCFC-E707FD89955B}.Release|x64.ActiveCfg = Release|x64
		{7C909B53-A5FE-4F3B-BCFC-E707FD89955B}.Release|x64.Build.0 = Release|x64
		{2D76AE9B-BCEE-40A3-BB5C-61E34624EBC2}.Debug|x64.ActiveCfg = Debug|Any CPU
		{2D76AE9B-BCEE-40A3-BB5C-61E34624EBC2}.Debug|x64.Build.0 = Debug|Any CPU
		{2D76AE9B-BCEE-40A3-BB5C-61E34624EBC2}.Release|x64.ActiveCfg = Release|Any CPU
		{2D76AE9B-BCEE-40A3-BB5C-61E34624EBC2}.Release|x64.Build.0 = Release|Any CPU
		{493E9E0F-4D9F-4283-A00D-937E9CD23C13}.Debug|x64.ActiveCfg = Debug|Any CPU
		{493E9E0F-4D9F-4283-A00D-937E9CD23C13}.Debug|x64.Build.0 = Debug|Any CPU
		{493E9E0F-4D9F-4283-A00D-937E9CD23C13}.Release|x64.ActiveCfg = Release|Any CPU
		{493E9E0F-4D9F-4283-A00D-937E9CD23C13}.Release|x64.Build.0 = Release|Any CPU
		{137B9BB9-CFB5-4448-B930-DBE5DFE8D198}.Debug|x64.ActiveCfg = Debug|Any CPU
		{137B9BB9-CFB5-4448-B930-DBE5DFE8D198}.Debug|x64.Build.0 = Debug|Any CPU
		{137B9BB9-CFB5-4448-B930-DBE5DFE8D198}.Release|x64.ActiveCfg = Release|Any CPU
		{137B9BB9-CFB5-4448-B930-DBE5DFE8D198}.Release|x64.Build.0 = Release|Any CPU
		{BF24FE61-7804-4415-913B-B8714633B8DF}.Debug|x64.ActiveCfg = Debug|x64
		{BF24FE61-7804-4415-913B-B8714633B8DF}.Debug|x64.Build.0 = Debug|x64
		{BF24FE61-7804-4415-913B-B8714633B8DF}.Release|x64.ActiveCfg = Release|Any CPU
		{BF24FE61-7804-4415-913B-B8714633B8DF}.Release|x64.Build.0 = Release|Any CPU
	EndGlobalSection
	GlobalSection(SolutionProperties) = preSolution
		HideSolutionNode = FALSE
	EndGlobalSection
	GlobalSection(ExtensibilityGlobals) = postSolution
		SolutionGuid = {C376673D-F593-42B1-8093-D1F667D586B1}
	EndGlobalSection
EndGlobal
