
Microsoft Visual Studio Solution File, Format Version 12.00
# Visual Studio 15
VisualStudioVersion = 15.0.27004.2005
MinimumVisualStudioVersion = 10.0.40219.1
Project("{9A19103F-16F7-4668-BE54-9A1E7A4F7556}") = "Arcadia.Assistant.Web", "Arcadia.Assistant.Web\Arcadia.Assistant.Web.csproj", "{264C9755-EA6F-4487-8011-AD2E897ABC73}"
EndProject
Project("{E53339B2-1760-4266-BCC7-CA923CBCF16C}") = "docker-compose", "docker-compose.dcproj", "{150143EE-0809-449F-B68F-7531F9996139}"
EndProject
Project("{9A19103F-16F7-4668-BE54-9A1E7A4F7556}") = "Arcadia.Assistant.Server.Console", "Arcadia.Assistant.Server.Console\Arcadia.Assistant.Server.Console.csproj", "{02851CDA-FE99-4354-B880-854BDD442BD3}"
EndProject
Project("{9A19103F-16F7-4668-BE54-9A1E7A4F7556}") = "Arcadia.Assistant.Server", "Arcadia.Assistant.Server\Arcadia.Assistant.Server.csproj", "{BD21DF27-0D41-4023-A5C8-BEB9C8323717}"
EndProject
Project("{9A19103F-16F7-4668-BE54-9A1E7A4F7556}") = "Arcadia.Assistant.Server.Interop", "..\Arcadia.Assistant.Server.Interop\Arcadia.Assistant.Server.Interop.csproj", "{B833D2E0-E77B-4D22-8650-88C4944937EF}"
EndProject
Project("{9A19103F-16F7-4668-BE54-9A1E7A4F7556}") = "Arcadia.Assistant.Organization", "Arcadia.Assistant.Organization\Arcadia.Assistant.Organization.csproj", "{10D6885D-AD1F-47ED-B979-9FC5D2D6F3E7}"
EndProject
Global
	GlobalSection(SolutionConfigurationPlatforms) = preSolution
		Debug|Any CPU = Debug|Any CPU
		Release|Any CPU = Release|Any CPU
	EndGlobalSection
	GlobalSection(ProjectConfigurationPlatforms) = postSolution
		{264C9755-EA6F-4487-8011-AD2E897ABC73}.Debug|Any CPU.ActiveCfg = Debug|Any CPU
		{264C9755-EA6F-4487-8011-AD2E897ABC73}.Debug|Any CPU.Build.0 = Debug|Any CPU
		{264C9755-EA6F-4487-8011-AD2E897ABC73}.Release|Any CPU.ActiveCfg = Release|Any CPU
		{264C9755-EA6F-4487-8011-AD2E897ABC73}.Release|Any CPU.Build.0 = Release|Any CPU
		{150143EE-0809-449F-B68F-7531F9996139}.Debug|Any CPU.ActiveCfg = Debug|Any CPU
		{150143EE-0809-449F-B68F-7531F9996139}.Debug|Any CPU.Build.0 = Debug|Any CPU
		{150143EE-0809-449F-B68F-7531F9996139}.Release|Any CPU.ActiveCfg = Release|Any CPU
		{150143EE-0809-449F-B68F-7531F9996139}.Release|Any CPU.Build.0 = Release|Any CPU
		{02851CDA-FE99-4354-B880-854BDD442BD3}.Debug|Any CPU.ActiveCfg = Debug|Any CPU
		{02851CDA-FE99-4354-B880-854BDD442BD3}.Debug|Any CPU.Build.0 = Debug|Any CPU
		{02851CDA-FE99-4354-B880-854BDD442BD3}.Release|Any CPU.ActiveCfg = Release|Any CPU
		{02851CDA-FE99-4354-B880-854BDD442BD3}.Release|Any CPU.Build.0 = Release|Any CPU
		{BD21DF27-0D41-4023-A5C8-BEB9C8323717}.Debug|Any CPU.ActiveCfg = Debug|Any CPU
		{BD21DF27-0D41-4023-A5C8-BEB9C8323717}.Debug|Any CPU.Build.0 = Debug|Any CPU
		{BD21DF27-0D41-4023-A5C8-BEB9C8323717}.Release|Any CPU.ActiveCfg = Release|Any CPU
		{BD21DF27-0D41-4023-A5C8-BEB9C8323717}.Release|Any CPU.Build.0 = Release|Any CPU
		{B833D2E0-E77B-4D22-8650-88C4944937EF}.Debug|Any CPU.ActiveCfg = Debug|Any CPU
		{B833D2E0-E77B-4D22-8650-88C4944937EF}.Debug|Any CPU.Build.0 = Debug|Any CPU
		{B833D2E0-E77B-4D22-8650-88C4944937EF}.Release|Any CPU.ActiveCfg = Release|Any CPU
		{B833D2E0-E77B-4D22-8650-88C4944937EF}.Release|Any CPU.Build.0 = Release|Any CPU
		{10D6885D-AD1F-47ED-B979-9FC5D2D6F3E7}.Debug|Any CPU.ActiveCfg = Debug|Any CPU
		{10D6885D-AD1F-47ED-B979-9FC5D2D6F3E7}.Debug|Any CPU.Build.0 = Debug|Any CPU
		{10D6885D-AD1F-47ED-B979-9FC5D2D6F3E7}.Release|Any CPU.ActiveCfg = Release|Any CPU
		{10D6885D-AD1F-47ED-B979-9FC5D2D6F3E7}.Release|Any CPU.Build.0 = Release|Any CPU
	EndGlobalSection
	GlobalSection(SolutionProperties) = preSolution
		HideSolutionNode = FALSE
	EndGlobalSection
	GlobalSection(ExtensibilityGlobals) = postSolution
		SolutionGuid = {0DD4B80C-767D-4785-888D-3BD7386CD66E}
	EndGlobalSection
EndGlobal
