
Microsoft Visual Studio Solution File, Format Version 12.00
# Visual Studio 15
VisualStudioVersion = 15.0.27004.2005
MinimumVisualStudioVersion = 10.0.40219.1
Project("{FAE04EC0-301F-11D3-BF4B-00C04F79EFBC}") = "Arcadia.Assistant.Web", "Arcadia.Assistant.Web\Arcadia.Assistant.Web.csproj", "{264C9755-EA6F-4487-8011-AD2E897ABC73}"
EndProject
Project("{E53339B2-1760-4266-BCC7-CA923CBCF16C}") = "docker-compose", "docker-compose.dcproj", "{150143EE-0809-449F-B68F-7531F9996139}"
EndProject
Global
	GlobalSection(SolutionConfigurationPlatforms) = preSolution
		Debug|Any CPU = Debug|Any CPU
		Release|Any CPU = Release|Any CPU
	EndGlobalSection
	GlobalSection(ProjectConfigurationPlatforms) = postSolution
		{264C9755-EA6F-4487-8011-AD2E897ABC73}.Debug|Any CPU.ActiveCfg = Debug|Any CPU
		{264C9755-EA6F-4487-8011-AD2E897ABC73}.Debug|Any CPU.Build.0 = Debug|Any CPU
		{264C9755-EA6F-4487-8011-AD2E897ABC73}.Release|Any CPU.ActiveCfg = Release|Any CPU
		{264C9755-EA6F-4487-8011-AD2E897ABC73}.Release|Any CPU.Build.0 = Release|Any CPU
		{150143EE-0809-449F-B68F-7531F9996139}.Debug|Any CPU.ActiveCfg = Debug|Any CPU
		{150143EE-0809-449F-B68F-7531F9996139}.Debug|Any CPU.Build.0 = Debug|Any CPU
		{150143EE-0809-449F-B68F-7531F9996139}.Release|Any CPU.ActiveCfg = Release|Any CPU
		{150143EE-0809-449F-B68F-7531F9996139}.Release|Any CPU.Build.0 = Release|Any CPU
	EndGlobalSection
	GlobalSection(SolutionProperties) = preSolution
		HideSolutionNode = FALSE
	EndGlobalSection
	GlobalSection(ExtensibilityGlobals) = postSolution
		SolutionGuid = {0DD4B80C-767D-4785-888D-3BD7386CD66E}
	EndGlobalSection
EndGlobal
