
Microsoft Visual Studio Solution File, Format Version 12.00
# Visual Studio 15
VisualStudioVersion = 15.0.27004.2009
MinimumVisualStudioVersion = 10.0.40219.1
Project("{9A19103F-16F7-4668-BE54-9A1E7A4F7556}") = "Arcadia.Assistant.Web", "Arcadia.Assistant.Web\Arcadia.Assistant.Web.csproj", "{264C9755-EA6F-4487-8011-AD2E897ABC73}"
EndProject
Project("{E53339B2-1760-4266-BCC7-CA923CBCF16C}") = "docker-compose", "docker-compose.dcproj", "{150143EE-0809-449F-B68F-7531F9996139}"
EndProject
Project("{9A19103F-16F7-4668-BE54-9A1E7A4F7556}") = "Arcadia.Assistant.Server.Console", "Arcadia.Assistant.Server.Console\Arcadia.Assistant.Server.Console.csproj", "{02851CDA-FE99-4354-B880-854BDD442BD3}"
EndProject
Project("{9A19103F-16F7-4668-BE54-9A1E7A4F7556}") = "Arcadia.Assistant.Server", "Arcadia.Assistant.Server\Arcadia.Assistant.Server.csproj", "{BD21DF27-0D41-4023-A5C8-BEB9C8323717}"
EndProject
Project("{9A19103F-16F7-4668-BE54-9A1E7A4F7556}") = "Arcadia.Assistant.Organization", "Arcadia.Assistant.Organization\Arcadia.Assistant.Organization.csproj", "{10D6885D-AD1F-47ED-B979-9FC5D2D6F3E7}"
EndProject
Project("{9A19103F-16F7-4668-BE54-9A1E7A4F7556}") = "Arcadia.Assistant.Server.Interop", "Arcadia.Assistant.Server.Interop\Arcadia.Assistant.Server.Interop.csproj", "{D645C3FB-B82C-4A39-B0F2-3CA85190D04D}"
EndProject
Project("{9A19103F-16F7-4668-BE54-9A1E7A4F7556}") = "Arcadia.Assistant.Helpdesk", "Arcadia.Assistant.Helpdesk\Arcadia.Assistant.Helpdesk.csproj", "{CEA721B5-8455-4065-A095-DD6FF430CF33}"
EndProject
Project("{2150E333-8FDC-42A3-9474-1A3956D46DE8}") = "ArcadiaImpl", "ArcadiaImpl", "{9CBEE1F3-5AFB-40F9-A488-DD30FD1052AF}"
EndProject
Project("{9A19103F-16F7-4668-BE54-9A1E7A4F7556}") = "Arcadia.Assistant.CSP", "Arcadia.Assistant.CSP\Arcadia.Assistant.CSP.csproj", "{1EC8A4A8-FACD-4111-8A81-B2F59D155824}"
EndProject
Project("{9A19103F-16F7-4668-BE54-9A1E7A4F7556}") = "Arcadia.Assistant.DI", "Arcadia.Assistant.DI\Arcadia.Assistant.DI.csproj", "{248E0C4E-046C-452F-A1D2-77C6B0DBC71A}"
EndProject
Project("{9A19103F-16F7-4668-BE54-9A1E7A4F7556}") = "Arcadia.Assistant.Configuration", "Arcadia.Assistant.Configuration\Arcadia.Assistant.Configuration.csproj", "{BBB83DA5-42E3-44A7-AC16-3DDBD71ECED6}"
EndProject
Project("{9A19103F-16F7-4668-BE54-9A1E7A4F7556}") = "Arcadia.Assistant.Organization.Abstractions", "Arcadia.Assistant.Organization.Abstractions\Arcadia.Assistant.Organization.Abstractions.csproj", "{CACC49FC-220D-4F75-BF84-18D9E2164BC2}"
EndProject
Project("{9A19103F-16F7-4668-BE54-9A1E7A4F7556}") = "Arcadia.Assistant.Images", "Arcadia.Assistant.Images\Arcadia.Assistant.Images.csproj", "{24460F11-CA9F-4FC7-8EC5-4CB5B9AFC6C0}"
EndProject
Project("{9A19103F-16F7-4668-BE54-9A1E7A4F7556}") = "Arcadia.Assistant.Feeds", "Arcadia.Assistant.Feeds\Arcadia.Assistant.Feeds.csproj", "{3E5AD481-2420-4B3A-A9DE-ADBF57ED4A4C}"
EndProject
Project("{FAE04EC0-301F-11D3-BF4B-00C04F79EFBC}") = "Arcadia.Assistant.Server.WinService", "Arcadia.Assistant.Server.WinService\Arcadia.Assistant.Server.WinService.csproj", "{84008633-BB43-42CC-BAD2-59579A837688}"
EndProject
Project("{2150E333-8FDC-42A3-9474-1A3956D46DE8}") = "Solution Items", "Solution Items", "{150963E2-D239-4FAD-898F-ECBCD5607FCA}"
	ProjectSection(SolutionItems) = preProject
		.gitignore = .gitignore
		README.md = README.md
	EndProjectSection
EndProject
Project("{9A19103F-16F7-4668-BE54-9A1E7A4F7556}") = "Arcadia.Assistant.Calendar", "Arcadia.Assistant.Calendar\Arcadia.Assistant.Calendar.csproj", "{ECAF9CB2-A6EC-4E07-9D8B-0E5A4174152A}"
EndProject
Project("{9A19103F-16F7-4668-BE54-9A1E7A4F7556}") = "Arcadia.Assistant.Calendar.Abstractions", "Arcadia.Assistant.Calendar.Abstractions\Arcadia.Assistant.Calendar.Abstractions.csproj", "{2E85CF39-662F-44F5-89E4-7DC0CCFB3E34}"
EndProject
Project("{9A19103F-16F7-4668-BE54-9A1E7A4F7556}") = "Arcadia.Assistant.Security", "Arcadia.Assistant.Security\Arcadia.Assistant.Security.csproj", "{A9DCBB26-1A32-4E0A-9CEA-1A582E2A013E}"
EndProject
Project("{00D1A9C2-B5F0-4AF3-8072-F6C62B433612}") = "Arcadia.Assistant.SQL", "Arcadia.Assistant.SQL\Arcadia.Assistant.SQL.sqlproj", "{7646080E-D877-4EE1-986D-AC5D2EADBF63}"
EndProject
Project("{9A19103F-16F7-4668-BE54-9A1E7A4F7556}") = "Arcadia.Assistant.Health.Abstractions", "Arcadia.Assistant.Health.Abstractions\Arcadia.Assistant.Health.Abstractions.csproj", "{B3EF656C-FD38-4B05-A31A-B5715350B665}"
EndProject
Project("{9A19103F-16F7-4668-BE54-9A1E7A4F7556}") = "Arcadia.Assistant.UserPreferences", "Arcadia.Assistant.UserPreferences\Arcadia.Assistant.UserPreferences.csproj", "{9AC93BE1-326D-4154-855A-A892B5D81F77}"
EndProject
Project("{9A19103F-16F7-4668-BE54-9A1E7A4F7556}") = "Arcadia.Assistant.Notifications", "Arcadia.Assistant.Notifications\Arcadia.Assistant.Notifications.csproj", "{7C9387AA-F0A8-4D28-A1E3-54B616CE3D38}"
EndProject
Project("{9A19103F-16F7-4668-BE54-9A1E7A4F7556}") = "Arcadia.Assistant.Notifications.Email", "Arcadia.Assistant.Notifications.Email\Arcadia.Assistant.Notifications.Email.csproj", "{564FF8A1-6D16-4545-9DAD-A84333875D48}"
EndProject
Project("{9A19103F-16F7-4668-BE54-9A1E7A4F7556}") = "Arcadia.Assistant.Calendar.Notifications", "Arcadia.Assistant.Calendar.Notifications\Arcadia.Assistant.Calendar.Notifications.csproj", "{F9E0BA7E-6289-4FE4-817A-9058AF5A1707}"
EndProject
Project("{9A19103F-16F7-4668-BE54-9A1E7A4F7556}") = "Arcadia.Assistant.Notifications.Push", "Arcadia.Assistant.Notifications.Push\Arcadia.Assistant.Notifications.Push.csproj", "{79594908-4475-4287-A0C2-3BD1D82BF615}"
EndProject
Project("{9A19103F-16F7-4668-BE54-9A1E7A4F7556}") = "Arcadia.Assistant.InboxEmail", "Arcadia.Assistant.InboxEmail\Arcadia.Assistant.InboxEmail.csproj", "{C77FED76-B322-4172-9BB4-69568D0B80F0}"
EndProject
Project("{9A19103F-16F7-4668-BE54-9A1E7A4F7556}") = "Arcadia.Assistant.InboxEmail.Abstractions", "Arcadia.Assistant.InboxEmail.Abstractions\Arcadia.Assistant.InboxEmail.Abstractions.csproj", "{C23EEEFF-4912-469B-AA8E-CF5EAE22ECBC}"
EndProject
Project("{FAE04EC0-301F-11D3-BF4B-00C04F79EFBC}") = "Arcadia.Assistant.Patterns", "Arcadia.Assistant.Patterns\Arcadia.Assistant.Patterns.csproj", "{44B9A684-2DB5-41DE-8643-63D3432C1B8F}"
EndProject
Global
	GlobalSection(SolutionConfigurationPlatforms) = preSolution
		Debug|Any CPU = Debug|Any CPU
		Release|Any CPU = Release|Any CPU
	EndGlobalSection
	GlobalSection(ProjectConfigurationPlatforms) = postSolution
		{264C9755-EA6F-4487-8011-AD2E897ABC73}.Debug|Any CPU.ActiveCfg = Debug|Any CPU
		{264C9755-EA6F-4487-8011-AD2E897ABC73}.Debug|Any CPU.Build.0 = Debug|Any CPU
		{264C9755-EA6F-4487-8011-AD2E897ABC73}.Release|Any CPU.ActiveCfg = Release|Any CPU
		{264C9755-EA6F-4487-8011-AD2E897ABC73}.Release|Any CPU.Build.0 = Release|Any CPU
		{150143EE-0809-449F-B68F-7531F9996139}.Debug|Any CPU.ActiveCfg = Debug|Any CPU
		{150143EE-0809-449F-B68F-7531F9996139}.Release|Any CPU.ActiveCfg = Release|Any CPU
		{02851CDA-FE99-4354-B880-854BDD442BD3}.Debug|Any CPU.ActiveCfg = Debug|Any CPU
		{02851CDA-FE99-4354-B880-854BDD442BD3}.Debug|Any CPU.Build.0 = Debug|Any CPU
		{02851CDA-FE99-4354-B880-854BDD442BD3}.Release|Any CPU.ActiveCfg = Release|Any CPU
		{02851CDA-FE99-4354-B880-854BDD442BD3}.Release|Any CPU.Build.0 = Release|Any CPU
		{BD21DF27-0D41-4023-A5C8-BEB9C8323717}.Debug|Any CPU.ActiveCfg = Debug|Any CPU
		{BD21DF27-0D41-4023-A5C8-BEB9C8323717}.Debug|Any CPU.Build.0 = Debug|Any CPU
		{BD21DF27-0D41-4023-A5C8-BEB9C8323717}.Release|Any CPU.ActiveCfg = Release|Any CPU
		{BD21DF27-0D41-4023-A5C8-BEB9C8323717}.Release|Any CPU.Build.0 = Release|Any CPU
		{10D6885D-AD1F-47ED-B979-9FC5D2D6F3E7}.Debug|Any CPU.ActiveCfg = Debug|Any CPU
		{10D6885D-AD1F-47ED-B979-9FC5D2D6F3E7}.Debug|Any CPU.Build.0 = Debug|Any CPU
		{10D6885D-AD1F-47ED-B979-9FC5D2D6F3E7}.Release|Any CPU.ActiveCfg = Release|Any CPU
		{10D6885D-AD1F-47ED-B979-9FC5D2D6F3E7}.Release|Any CPU.Build.0 = Release|Any CPU
		{D645C3FB-B82C-4A39-B0F2-3CA85190D04D}.Debug|Any CPU.ActiveCfg = Debug|Any CPU
		{D645C3FB-B82C-4A39-B0F2-3CA85190D04D}.Debug|Any CPU.Build.0 = Debug|Any CPU
		{D645C3FB-B82C-4A39-B0F2-3CA85190D04D}.Release|Any CPU.ActiveCfg = Release|Any CPU
		{D645C3FB-B82C-4A39-B0F2-3CA85190D04D}.Release|Any CPU.Build.0 = Release|Any CPU
		{CEA721B5-8455-4065-A095-DD6FF430CF33}.Debug|Any CPU.ActiveCfg = Debug|Any CPU
		{CEA721B5-8455-4065-A095-DD6FF430CF33}.Debug|Any CPU.Build.0 = Debug|Any CPU
		{CEA721B5-8455-4065-A095-DD6FF430CF33}.Release|Any CPU.ActiveCfg = Release|Any CPU
		{CEA721B5-8455-4065-A095-DD6FF430CF33}.Release|Any CPU.Build.0 = Release|Any CPU
		{1EC8A4A8-FACD-4111-8A81-B2F59D155824}.Debug|Any CPU.ActiveCfg = Debug|Any CPU
		{1EC8A4A8-FACD-4111-8A81-B2F59D155824}.Debug|Any CPU.Build.0 = Debug|Any CPU
		{1EC8A4A8-FACD-4111-8A81-B2F59D155824}.Release|Any CPU.ActiveCfg = Release|Any CPU
		{1EC8A4A8-FACD-4111-8A81-B2F59D155824}.Release|Any CPU.Build.0 = Release|Any CPU
		{248E0C4E-046C-452F-A1D2-77C6B0DBC71A}.Debug|Any CPU.ActiveCfg = Debug|Any CPU
		{248E0C4E-046C-452F-A1D2-77C6B0DBC71A}.Debug|Any CPU.Build.0 = Debug|Any CPU
		{248E0C4E-046C-452F-A1D2-77C6B0DBC71A}.Release|Any CPU.ActiveCfg = Release|Any CPU
		{248E0C4E-046C-452F-A1D2-77C6B0DBC71A}.Release|Any CPU.Build.0 = Release|Any CPU
		{BBB83DA5-42E3-44A7-AC16-3DDBD71ECED6}.Debug|Any CPU.ActiveCfg = Debug|Any CPU
		{BBB83DA5-42E3-44A7-AC16-3DDBD71ECED6}.Debug|Any CPU.Build.0 = Debug|Any CPU
		{BBB83DA5-42E3-44A7-AC16-3DDBD71ECED6}.Release|Any CPU.ActiveCfg = Release|Any CPU
		{BBB83DA5-42E3-44A7-AC16-3DDBD71ECED6}.Release|Any CPU.Build.0 = Release|Any CPU
		{CACC49FC-220D-4F75-BF84-18D9E2164BC2}.Debug|Any CPU.ActiveCfg = Debug|Any CPU
		{CACC49FC-220D-4F75-BF84-18D9E2164BC2}.Debug|Any CPU.Build.0 = Debug|Any CPU
		{CACC49FC-220D-4F75-BF84-18D9E2164BC2}.Release|Any CPU.ActiveCfg = Release|Any CPU
		{CACC49FC-220D-4F75-BF84-18D9E2164BC2}.Release|Any CPU.Build.0 = Release|Any CPU
		{24460F11-CA9F-4FC7-8EC5-4CB5B9AFC6C0}.Debug|Any CPU.ActiveCfg = Debug|Any CPU
		{24460F11-CA9F-4FC7-8EC5-4CB5B9AFC6C0}.Debug|Any CPU.Build.0 = Debug|Any CPU
		{24460F11-CA9F-4FC7-8EC5-4CB5B9AFC6C0}.Release|Any CPU.ActiveCfg = Release|Any CPU
		{24460F11-CA9F-4FC7-8EC5-4CB5B9AFC6C0}.Release|Any CPU.Build.0 = Release|Any CPU
		{3E5AD481-2420-4B3A-A9DE-ADBF57ED4A4C}.Debug|Any CPU.ActiveCfg = Debug|Any CPU
		{3E5AD481-2420-4B3A-A9DE-ADBF57ED4A4C}.Debug|Any CPU.Build.0 = Debug|Any CPU
		{3E5AD481-2420-4B3A-A9DE-ADBF57ED4A4C}.Release|Any CPU.ActiveCfg = Release|Any CPU
		{3E5AD481-2420-4B3A-A9DE-ADBF57ED4A4C}.Release|Any CPU.Build.0 = Release|Any CPU
		{84008633-BB43-42CC-BAD2-59579A837688}.Debug|Any CPU.ActiveCfg = Debug|Any CPU
		{84008633-BB43-42CC-BAD2-59579A837688}.Debug|Any CPU.Build.0 = Debug|Any CPU
		{84008633-BB43-42CC-BAD2-59579A837688}.Release|Any CPU.ActiveCfg = Release|Any CPU
		{84008633-BB43-42CC-BAD2-59579A837688}.Release|Any CPU.Build.0 = Release|Any CPU
		{ECAF9CB2-A6EC-4E07-9D8B-0E5A4174152A}.Debug|Any CPU.ActiveCfg = Debug|Any CPU
		{ECAF9CB2-A6EC-4E07-9D8B-0E5A4174152A}.Debug|Any CPU.Build.0 = Debug|Any CPU
		{ECAF9CB2-A6EC-4E07-9D8B-0E5A4174152A}.Release|Any CPU.ActiveCfg = Release|Any CPU
		{ECAF9CB2-A6EC-4E07-9D8B-0E5A4174152A}.Release|Any CPU.Build.0 = Release|Any CPU
		{2E85CF39-662F-44F5-89E4-7DC0CCFB3E34}.Debug|Any CPU.ActiveCfg = Debug|Any CPU
		{2E85CF39-662F-44F5-89E4-7DC0CCFB3E34}.Debug|Any CPU.Build.0 = Debug|Any CPU
		{2E85CF39-662F-44F5-89E4-7DC0CCFB3E34}.Release|Any CPU.ActiveCfg = Release|Any CPU
		{2E85CF39-662F-44F5-89E4-7DC0CCFB3E34}.Release|Any CPU.Build.0 = Release|Any CPU
		{A9DCBB26-1A32-4E0A-9CEA-1A582E2A013E}.Debug|Any CPU.ActiveCfg = Debug|Any CPU
		{A9DCBB26-1A32-4E0A-9CEA-1A582E2A013E}.Debug|Any CPU.Build.0 = Debug|Any CPU
		{A9DCBB26-1A32-4E0A-9CEA-1A582E2A013E}.Release|Any CPU.ActiveCfg = Release|Any CPU
		{A9DCBB26-1A32-4E0A-9CEA-1A582E2A013E}.Release|Any CPU.Build.0 = Release|Any CPU
		{7646080E-D877-4EE1-986D-AC5D2EADBF63}.Debug|Any CPU.ActiveCfg = Debug|Any CPU
		{7646080E-D877-4EE1-986D-AC5D2EADBF63}.Debug|Any CPU.Build.0 = Debug|Any CPU
		{7646080E-D877-4EE1-986D-AC5D2EADBF63}.Release|Any CPU.ActiveCfg = Release|Any CPU
		{B3EF656C-FD38-4B05-A31A-B5715350B665}.Debug|Any CPU.ActiveCfg = Debug|Any CPU
		{B3EF656C-FD38-4B05-A31A-B5715350B665}.Debug|Any CPU.Build.0 = Debug|Any CPU
		{B3EF656C-FD38-4B05-A31A-B5715350B665}.Release|Any CPU.ActiveCfg = Release|Any CPU
		{B3EF656C-FD38-4B05-A31A-B5715350B665}.Release|Any CPU.Build.0 = Release|Any CPU
		{9AC93BE1-326D-4154-855A-A892B5D81F77}.Debug|Any CPU.ActiveCfg = Debug|Any CPU
		{9AC93BE1-326D-4154-855A-A892B5D81F77}.Debug|Any CPU.Build.0 = Debug|Any CPU
		{9AC93BE1-326D-4154-855A-A892B5D81F77}.Release|Any CPU.ActiveCfg = Release|Any CPU
		{9AC93BE1-326D-4154-855A-A892B5D81F77}.Release|Any CPU.Build.0 = Release|Any CPU
		{7C9387AA-F0A8-4D28-A1E3-54B616CE3D38}.Debug|Any CPU.ActiveCfg = Debug|Any CPU
		{7C9387AA-F0A8-4D28-A1E3-54B616CE3D38}.Debug|Any CPU.Build.0 = Debug|Any CPU
		{7C9387AA-F0A8-4D28-A1E3-54B616CE3D38}.Release|Any CPU.ActiveCfg = Release|Any CPU
		{7C9387AA-F0A8-4D28-A1E3-54B616CE3D38}.Release|Any CPU.Build.0 = Release|Any CPU
		{564FF8A1-6D16-4545-9DAD-A84333875D48}.Debug|Any CPU.ActiveCfg = Debug|Any CPU
		{564FF8A1-6D16-4545-9DAD-A84333875D48}.Debug|Any CPU.Build.0 = Debug|Any CPU
		{564FF8A1-6D16-4545-9DAD-A84333875D48}.Release|Any CPU.ActiveCfg = Release|Any CPU
		{564FF8A1-6D16-4545-9DAD-A84333875D48}.Release|Any CPU.Build.0 = Release|Any CPU
		{F9E0BA7E-6289-4FE4-817A-9058AF5A1707}.Debug|Any CPU.ActiveCfg = Debug|Any CPU
		{F9E0BA7E-6289-4FE4-817A-9058AF5A1707}.Debug|Any CPU.Build.0 = Debug|Any CPU
		{F9E0BA7E-6289-4FE4-817A-9058AF5A1707}.Release|Any CPU.ActiveCfg = Release|Any CPU
		{F9E0BA7E-6289-4FE4-817A-9058AF5A1707}.Release|Any CPU.Build.0 = Release|Any CPU
		{79594908-4475-4287-A0C2-3BD1D82BF615}.Debug|Any CPU.ActiveCfg = Debug|Any CPU
		{79594908-4475-4287-A0C2-3BD1D82BF615}.Debug|Any CPU.Build.0 = Debug|Any CPU
		{79594908-4475-4287-A0C2-3BD1D82BF615}.Release|Any CPU.ActiveCfg = Release|Any CPU
		{79594908-4475-4287-A0C2-3BD1D82BF615}.Release|Any CPU.Build.0 = Release|Any CPU
		{C77FED76-B322-4172-9BB4-69568D0B80F0}.Debug|Any CPU.ActiveCfg = Debug|Any CPU
		{C77FED76-B322-4172-9BB4-69568D0B80F0}.Debug|Any CPU.Build.0 = Debug|Any CPU
		{C77FED76-B322-4172-9BB4-69568D0B80F0}.Release|Any CPU.ActiveCfg = Release|Any CPU
		{C77FED76-B322-4172-9BB4-69568D0B80F0}.Release|Any CPU.Build.0 = Release|Any CPU
		{C23EEEFF-4912-469B-AA8E-CF5EAE22ECBC}.Debug|Any CPU.ActiveCfg = Debug|Any CPU
		{C23EEEFF-4912-469B-AA8E-CF5EAE22ECBC}.Debug|Any CPU.Build.0 = Debug|Any CPU
		{C23EEEFF-4912-469B-AA8E-CF5EAE22ECBC}.Release|Any CPU.ActiveCfg = Release|Any CPU
		{C23EEEFF-4912-469B-AA8E-CF5EAE22ECBC}.Release|Any CPU.Build.0 = Release|Any CPU
		{44B9A684-2DB5-41DE-8643-63D3432C1B8F}.Debug|Any CPU.ActiveCfg = Debug|Any CPU
		{44B9A684-2DB5-41DE-8643-63D3432C1B8F}.Debug|Any CPU.Build.0 = Debug|Any CPU
		{44B9A684-2DB5-41DE-8643-63D3432C1B8F}.Release|Any CPU.ActiveCfg = Release|Any CPU
		{44B9A684-2DB5-41DE-8643-63D3432C1B8F}.Release|Any CPU.Build.0 = Release|Any CPU
	EndGlobalSection
	GlobalSection(SolutionProperties) = preSolution
		HideSolutionNode = FALSE
	EndGlobalSection
	GlobalSection(NestedProjects) = preSolution
		{1EC8A4A8-FACD-4111-8A81-B2F59D155824} = {9CBEE1F3-5AFB-40F9-A488-DD30FD1052AF}
	EndGlobalSection
	GlobalSection(ExtensibilityGlobals) = postSolution
		SolutionGuid = {0DD4B80C-767D-4785-888D-3BD7386CD66E}
	EndGlobalSection
EndGlobal
